{"1.1.0",
[{<<"cecho">>,
  {git,"https://github.com/mazenharake/cecho.git",
       {ref,"d226c1724900528ec3b7b3b42874c3c1b2c7ce07"}},
  1},
 {<<"entop">>,
  {git,"https://github.com/mazenharake/entop.git",
       {ref,"5bf233582d7d470f48a19a5c9313993dc9335ff8"}},
  0},
 {<<"goldrush">>,{pkg,<<"goldrush">>,<<"0.1.9">>},1},
 {<<"lager">>,
  {git,"https://github.com/erlang-lager/lager.git",
       {ref,"bf60290101306b3cc26544d0d181a5cff8931e82"}},
  0},
 {<<"recon">>,
  {git,"https://github.com/ferd/recon.git",
       {ref,"818f0a0ee5d4dcdf53158e96605e751747f1077f"}},
  0}]}.
[
{pkg_hash,[
 {<<"goldrush">>, <<"F06E5D5F1277DA5C413E84D5A2924174182FB108DABB39D5EC548B27424CD106">>}]}
].
