[{<<"brod">>,
  {git,"https://github.com/klarna/brod.git",
       {ref,"bb2d9504a5a606ede23cf5623792f534126b90f5"}},
  0},
 {<<"bson">>,
  {git,"git://github.com/comtihon/bson-erlang",
       {ref,"14308ab927cfa69324742c3de720578094e0bb19"}},
  1},
 {<<"cecho">>,
  {git,"https://github.com/mazenharake/cecho.git",
       {ref,"d226c1724900528ec3b7b3b42874c3c1b2c7ce07"}},
  1},
 {<<"clique">>,
  {git,"https://github.com/basho/clique.git",
       {ref,"baed0a08165d08e7c6e363996e1fc3e5bef8e0cf"}},
  0},
 {<<"cowboy">>,
  {git,"https://github.com/ninenines/cowboy.git",
       {ref,"28d3515d716d32d1700fa21e904c613c139d4019"}},
  0},
 {<<"cowlib">>,
  {git,"https://github.com/ninenines/cowlib",
       {ref,"56a3fee151340212c1b7a92344e4ece07fc15010"}},
  1},
 {<<"cuttlefish">>,
  {git,"https://github.com/basho/cuttlefish.git",
       {ref,"4f436ba2b67a7a95ed1d4ddd74a44a06661a77d1"}},
  1},
 {<<"emqttc">>,
  {git,"https://github.com/emqtt/emqttc.git",
       {ref,"cffa0aa356ec9dcabfc66ab6515fe5873f6a0bd3"}},
  0},
 {<<"entop">>,
  {git,"https://github.com/mazenharake/entop.git",
       {ref,"5bf233582d7d470f48a19a5c9313993dc9335ff8"}},
  0},
 {<<"eper">>,
  {git,"https://github.com/massemanet/eper.git",
       {ref,"17b0f97ea8287b72e8ebbe7132214db182ff1a1d"}},
  0},
 {<<"eredis">>,
  {git,"https://github.com/wooga/eredis.git",
       {ref,"cbc013f516e464706493c01662e5e9dd82d1db01"}},
  1},
 {<<"eredis_pool">>,
  {git,"https://github.com/hiroeorz/eredis_pool.git",
       {ref,"bc37bcf72afd1e5c69635fadba020ee2a73087d1"}},
  0},
 {<<"gen_logger">>,
  {git,"https://github.com/emqtt/gen_logger.git",
       {ref,"e3c9c60b153642193319c793501b10c263d76477"}},
  1},
 {<<"getopt">>,
  {git,"https://github.com/basho/getopt.git",
       {ref,"388dc95caa7fb97ec7db8cfc39246a36aba61bd8"}},
  2},
 {<<"goldrush">>,
  {git,"https://github.com/DeadZen/goldrush.git",
       {ref,"8f1b715d36b650ec1e1f5612c00e28af6ab0de82"}},
  0},
 {<<"kafka_protocol">>,
  {git,"https://github.com/klarna/kafka_protocol.git",
       {ref,"6af2802a96ce1112f0fb613b775b8f7ffc3655d8"}},
  0},
 {<<"lager">>,
  {git,"https://github.com/erlang-lager/lager.git",
       {ref,"bf60290101306b3cc26544d0d181a5cff8931e82"}},
  0},
 {<<"mongodb">>,
  {git,"https://github.com/comtihon/mongodb-erlang.git",
       {ref,"bf76ceae546869408e34f3b0f5ab5ed59b9b7da7"}},
  0},
 {<<"neotoma">>,
  {git,"https://github.com/basho/neotoma.git",
       {ref,"9e57d8ebd4ebb02c3e2428b08f3a01e2ff834ce2"}},
  2},
 {<<"observer_cli">>,
  {git,"https://github.com/zhongwencool/observer_cli.git",
       {ref,"b7a7cbee9583b5d71635743c815d349eb04aabdf"}},
  0},
 {<<"pbkdf2">>,
  {git,"git://github.com/comtihon/erlang-pbkdf2.git",
       {ref,"5201a735639496fc595061160117e4ec155d73f5"}},
  1},
 {<<"poolboy">>,
  {git,"https://github.com/devinus/poolboy.git",
       {ref,"3bb48a893ff5598f7c73731ac17545206d259fac"}},
  1},
 {<<"ranch">>,
  {git,"https://github.com/ninenines/ranch",
       {ref,"8eaae552ec520605b7f4b0e5943256d2b5e3621c"}},
  1},
 {<<"recon">>,
  {git,"https://github.com/ferd/recon.git",
       {ref,"794849210f40f37111f4502ec2f39b176dda4ebf"}},
  0},
 {<<"reloader">>,
  {git,"https://github.com/newforks/reloader.git",
       {ref,"ca64d496cae717b74a6f5e2f00d6a941eb0dff16"}},
  0},
 {<<"snappyer">>,
  {git,"https://github.com/zmstone/snappyer.git",
       {ref,"eb2cae1e073d2ca0d6c40ccbef5900ee8864ddda"}},
  0},
 {<<"supervisor3">>,
  {git,"https://github.com/klarna/supervisor3.git",
       {ref,"b601c90070d2663903c8568c2e4bb1a06a195443"}},
  0},
 {<<"worker_pool">>,
  {git,"https://github.com/inaka/worker_pool.git",
       {ref,"b438c7dea9fa6f52249c108372f9458f974f9a1d"}},
  0}].
