{"1.1.0",
[{<<"brod">>,
  {git,"https://github.com/klarna/brod.git",
       {ref,"7b78fc95f730b635f37bae6faca3f6b111ea44d8"}},
  0},
 {<<"bson">>,
  {git,"git://github.com/comtihon/bson-erlang",
       {ref,"14308ab927cfa69324742c3de720578094e0bb19"}},
  1},
 {<<"cecho">>,
  {git,"https://github.com/mazenharake/cecho.git",
       {ref,"d226c1724900528ec3b7b3b42874c3c1b2c7ce07"}},
  1},
 {<<"crc32cer">>,{pkg,<<"crc32cer">>,<<"0.1.0">>},2},
 {<<"entop">>,
  {git,"https://github.com/mazenharake/entop.git",
       {ref,"5bf233582d7d470f48a19a5c9313993dc9335ff8"}},
  0},
 {<<"eredis">>,
  {git,"https://github.com/wooga/eredis.git",
       {ref,"cbc013f516e464706493c01662e5e9dd82d1db01"}},
  1},
 {<<"eredis_pool">>,
  {git,"https://github.com/hiroeorz/eredis_pool.git",
       {ref,"bc37bcf72afd1e5c69635fadba020ee2a73087d1"}},
  0},
 {<<"goldrush">>,{pkg,<<"goldrush">>,<<"0.1.9">>},1},
 {<<"kafka_protocol">>,{pkg,<<"kafka_protocol">>,<<"2.0.0">>},1},
 {<<"lager">>,
  {git,"https://github.com/erlang-lager/lager.git",
       {ref,"bf60290101306b3cc26544d0d181a5cff8931e82"}},
  0},
 {<<"mongodb">>,
  {git,"https://github.com/comtihon/mongodb-erlang.git",
       {ref,"8f61da0ea6fc613fda617819aed23067950972bc"}},
  0},
 {<<"observer_cli">>,
  {git,"https://github.com/zhongwencool/observer_cli.git",
       {ref,"32765423484dfa3294a5e3d8ada5f032d2061618"}},
  0},
 {<<"pbkdf2">>,
  {git,"git://github.com/comtihon/erlang-pbkdf2.git",
       {ref,"5201a735639496fc595061160117e4ec155d73f5"}},
  1},
 {<<"poolboy">>,
  {git,"https://github.com/devinus/poolboy.git",
       {ref,"3bb48a893ff5598f7c73731ac17545206d259fac"}},
  1},
 {<<"recon">>,{pkg,<<"recon">>,<<"2.3.6">>},1},
 {<<"snappyer">>,{pkg,<<"snappyer">>,<<"1.2.1">>},2},
 {<<"supervisor3">>,{pkg,<<"supervisor3">>,<<"1.1.5">>},1},
 {<<"worker_pool">>,
  {git,"https://github.com/inaka/worker_pool.git",
       {ref,"b438c7dea9fa6f52249c108372f9458f974f9a1d"}},
  0}]}.
[
{pkg_hash,[
 {<<"crc32cer">>, <<"88AF3522B6464EE29E28D1765F174B07F1B74133A707740768678D3806293572">>},
 {<<"goldrush">>, <<"F06E5D5F1277DA5C413E84D5A2924174182FB108DABB39D5EC548B27424CD106">>},
 {<<"kafka_protocol">>, <<"59D0C8B03445391E52F983E949EEF5D9AB506810BD93A8F426F1548F6023BAE5">>},
 {<<"recon">>, <<"2BCAD0CF621FB277CABBB6413159CD3AA30265C2DEE42C968697988B30108604">>},
 {<<"snappyer">>, <<"06C5F5C8AFE80BA38E94E1CA1BD9253DE95D8F2C85B08783E8D0F63815580556">>},
 {<<"supervisor3">>, <<"5F3C487A6EBA23DE0E64C06E93EFA0ECA06F40324A6412C1318C77ACA6DA8424">>}]}
].
