{"1.1.0",
[{<<"cowlib">>,
  {git,"https://github.com/ninenines/cowlib",
       {ref,"106ba84bb04537879d8ce59321a04e0682110b91"}},
  1},
 {<<"goldrush">>,{pkg,<<"goldrush">>,<<"0.1.9">>},1},
 {<<"gun">>,
  {git,"https://github.com/ninenines/gun.git",
       {ref,"e7dd9f227e46979d8073e71c683395a809b78cb4"}},
  0},
 {<<"gutils">>,
  {git,"https://github.com/newforks/gutils.git",
       {ref,"266371c3681213fb669401ca34071377dca2a344"}},
  0},
 {<<"lager">>,
  {git,"https://github.com/erlang-lager/lager.git",
       {ref,"69b4ada2341b8ab2cf5c8e464ac936e5e4a9f62b"}},
  0},
 {<<"reloader">>,
  {git,"https://github.com/newforks/reloader.git",
       {ref,"adbf134e01aaba8211241f0d18812b09187285a4"}},
  0}]}.
[
{pkg_hash,[
 {<<"goldrush">>, <<"F06E5D5F1277DA5C413E84D5A2924174182FB108DABB39D5EC548B27424CD106">>}]}
].
