[{<<"cowlib">>,
  {git,"https://github.com/ninenines/cowlib",
       {ref,"106ba84bb04537879d8ce59321a04e0682110b91"}},
  1},
 {<<"gun">>,
  {git,"https://github.com/ninenines/gun.git",
       {ref,"e7dd9f227e46979d8073e71c683395a809b78cb4"}},
  0},
 {<<"gutils">>,
  {git,"https://github.com/newforks/gutils.git",
       {ref,"266371c3681213fb669401ca34071377dca2a344"}},
  0},
 {<<"reloader">>,
  {git,"https://github.com/newforks/reloader.git",
       {ref,"adbf134e01aaba8211241f0d18812b09187285a4"}},
  0}].
