[{<<"cowboy">>,
  {git,"https://github.com/ninenines/cowboy.git",
       {ref,"c998673eb009da2ea4dc0e6ef0332534cf679cc4"}},
  0},
 {<<"cowlib">>,
  {git,"https://github.com/ninenines/cowlib",
       {ref,"106ba84bb04537879d8ce59321a04e0682110b91"}},
  1},
 {<<"gen_coap">>,
  {git,"https://github.com/gotthardp/gen_coap.git",
       {ref,"245e2205cf233e94e2d481f6ddda5da038ebc6ea"}},
  0},
 {<<"gutils">>,
  {git,"https://github.com/newforks/gutils.git",
       {ref,"266371c3681213fb669401ca34071377dca2a344"}},
  0},
 {<<"ranch">>,
  {git,"https://github.com/ninenines/ranch",
       {ref,"9b8ed47d789412b0021bfc1f94f1c17c387c721c"}},
  1},
 {<<"reloader">>,
  {git,"https://github.com/newforks/reloader.git",
       {ref,"adbf134e01aaba8211241f0d18812b09187285a4"}},
  0}].
